schema: '2.0'
stages:
  build:
    cmd: python stages/03_build.py
    deps:
    - path: raw
      md5: 75ab6120bac0a1065986912e5e5eb79b.dir
      size: 572654300
      nfiles: 11
    - path: stages/03_build.py
      hash: md5
      md5: d24fc4f447d1dee7a672ee735efef1f7
      size: 777
    outs:
    - path: brick
      hash: md5
      md5: fbc4fa7b30c3b0fa89954d6d14dfccd4.dir
      size: 153212127
      nfiles: 10
  download:
    cmd: stages/01_download.sh
    deps:
    - path: stages/01_download.sh
      md5: 9ad7abc4441bb03db746763323943f66
      size: 558
      isexec: true
    outs:
    - path: download
      md5: 4f1c0c762afa84306d347f4b366b11d2.dir
      size: 93725827
      nfiles: 1
  unzip:
    cmd: stages/02_unzip.sh
    deps:
    - path: download
      md5: 4f1c0c762afa84306d347f4b366b11d2.dir
      size: 93725827
      nfiles: 1
    - path: stages/02_unzip.sh
      md5: d0e1b99ce0d7915c3becc3fa210348d2
      size: 466
      isexec: true
    outs:
    - path: raw
      md5: 75ab6120bac0a1065986912e5e5eb79b.dir
      size: 572654300
      nfiles: 11
